
Microsoft Visual Studio Solution File, Format Version 12.00
# Visual Studio Version 16
VisualStudioVersion = 16.0.30517.126
MinimumVisualStudioVersion = 10.0.40219.1
Project("{2150E333-8FDC-42A3-9474-1A3956D46DE8}") = "src", "src", "{71FC9F45-B2DB-430C-8D1A-58BFA89A5B44}"
EndProject
Project("{2150E333-8FDC-42A3-9474-1A3956D46DE8}") = "ApiGateway", "ApiGateway", "{EA75A7C0-A5CE-4888-B2A8-E3EE2D7B849F}"
EndProject
Project("{2150E333-8FDC-42A3-9474-1A3956D46DE8}") = "Services", "Services", "{7B5F4740-BF8D-4F08-B098-595C51717C19}"
EndProject
Project("{2150E333-8FDC-42A3-9474-1A3956D46DE8}") = "WebApp", "WebApp", "{E48CFBC4-2C24-4991-B7C9-05B119C3F3A9}"
EndProject
Project("{2150E333-8FDC-42A3-9474-1A3956D46DE8}") = "Common", "Common", "{9C929100-E445-4DDE-9233-9F9EC16004F9}"
EndProject
Project("{2150E333-8FDC-42A3-9474-1A3956D46DE8}") = "Order", "Order", "{CE5CBE3B-BDBA-4E05-B29B-6DE4725CC9F9}"
EndProject
Project("{2150E333-8FDC-42A3-9474-1A3956D46DE8}") = "Products", "Products", "{C2F97F91-1491-47DE-9323-5FA046E3EFC4}"
EndProject
Project("{2150E333-8FDC-42A3-9474-1A3956D46DE8}") = "Sourcing", "Sourcing", "{8BE150EC-2F0C-47ED-862C-708D8CF562D3}"
EndProject
Project("{9A19103F-16F7-4668-BE54-9A1E7A4F7556}") = "ESourcing.Products", "ESourcing.Products\ESourcing.Products.csproj", "{FD1A7253-4DD4-4E6E-9627-CE022496609C}"
EndProject
Project("{E53339B2-1760-4266-BCC7-CA923CBCF16C}") = "docker-compose", "docker-compose.dcproj", "{38E1E4B2-8E90-47A8-92FA-FD409B6CB51D}"
EndProject
Project("{9A19103F-16F7-4668-BE54-9A1E7A4F7556}") = "E-Sourcing.Sourcing", "E-Sourcing.Sourcing\E-Sourcing.Sourcing.csproj", "{52DBC67C-E82B-4874-8A38-62B3683E6FE2}"
EndProject
Project("{9A19103F-16F7-4668-BE54-9A1E7A4F7556}") = "EventBusRabbitMQ", "EventBusRabbitMQ\EventBusRabbitMQ.csproj", "{3EFDEBD5-3F58-467F-B127-F2A39E558F0E}"
EndProject
Project("{9A19103F-16F7-4668-BE54-9A1E7A4F7556}") = "ESourcing.Order", "ESourcing.Order\ESourcing.Order.csproj", "{140DFE4F-06F8-42C2-8FD6-6E432758197D}"
EndProject
Project("{9A19103F-16F7-4668-BE54-9A1E7A4F7556}") = "Ordering.Domain", "Ordering.Domain\Ordering.Domain.csproj", "{B6167884-F2F0-47E5-AB24-0049D24ABA8A}"
EndProject
Project("{9A19103F-16F7-4668-BE54-9A1E7A4F7556}") = "Ordering.Application", "Ordering.Application\Ordering.Application.csproj", "{209170D1-4C3F-45B9-B1C2-9C494D5C0B51}"
EndProject
Project("{9A19103F-16F7-4668-BE54-9A1E7A4F7556}") = "Ordering.Infrastructure", "Ordering.Infrastructure\Ordering.Infrastructure.csproj", "{983F0F25-B03B-4BED-A5C1-C578AF5B2B4C}"
EndProject
Project("{9A19103F-16F7-4668-BE54-9A1E7A4F7556}") = "ESourcing.APIGateway", "ESourcing.APIGateway\ESourcing.APIGateway.csproj", "{EA7168A0-1B2D-4704-874F-CD238A945DDB}"
EndProject
Project("{FAE04EC0-301F-11D3-BF4B-00C04F79EFBC}") = "Esourcing.UI", "Esourcing.UI\Esourcing.UI.csproj", "{FA604DFE-391D-4EBF-BA73-BED159FA1FB8}"
EndProject
Project("{FAE04EC0-301F-11D3-BF4B-00C04F79EFBC}") = "Esourcing.Core", "Esourcing.Core\Esourcing.Core.csproj", "{8F88F8AE-1542-413E-A083-D4AA730999C0}"
EndProject
Project("{FAE04EC0-301F-11D3-BF4B-00C04F79EFBC}") = "Esourcing.Infrastructure", "Esourcing.Infrastructure\Esourcing.Infrastructure.csproj", "{D3191FF8-2765-4084-8AD1-0A49590B6A6B}"
EndProject
Global
	GlobalSection(SolutionConfigurationPlatforms) = preSolution
		Debug|Any CPU = Debug|Any CPU
		Release|Any CPU = Release|Any CPU
	EndGlobalSection
	GlobalSection(ProjectConfigurationPlatforms) = postSolution
		{FD1A7253-4DD4-4E6E-9627-CE022496609C}.Debug|Any CPU.ActiveCfg = Debug|Any CPU
		{FD1A7253-4DD4-4E6E-9627-CE022496609C}.Debug|Any CPU.Build.0 = Debug|Any CPU
		{FD1A7253-4DD4-4E6E-9627-CE022496609C}.Release|Any CPU.ActiveCfg = Release|Any CPU
		{FD1A7253-4DD4-4E6E-9627-CE022496609C}.Release|Any CPU.Build.0 = Release|Any CPU
		{38E1E4B2-8E90-47A8-92FA-FD409B6CB51D}.Debug|Any CPU.ActiveCfg = Debug|Any CPU
		{38E1E4B2-8E90-47A8-92FA-FD409B6CB51D}.Debug|Any CPU.Build.0 = Debug|Any CPU
		{38E1E4B2-8E90-47A8-92FA-FD409B6CB51D}.Release|Any CPU.ActiveCfg = Release|Any CPU
		{38E1E4B2-8E90-47A8-92FA-FD409B6CB51D}.Release|Any CPU.Build.0 = Release|Any CPU
		{52DBC67C-E82B-4874-8A38-62B3683E6FE2}.Debug|Any CPU.ActiveCfg = Debug|Any CPU
		{52DBC67C-E82B-4874-8A38-62B3683E6FE2}.Debug|Any CPU.Build.0 = Debug|Any CPU
		{52DBC67C-E82B-4874-8A38-62B3683E6FE2}.Release|Any CPU.ActiveCfg = Release|Any CPU
		{52DBC67C-E82B-4874-8A38-62B3683E6FE2}.Release|Any CPU.Build.0 = Release|Any CPU
		{3EFDEBD5-3F58-467F-B127-F2A39E558F0E}.Debug|Any CPU.ActiveCfg = Debug|Any CPU
		{3EFDEBD5-3F58-467F-B127-F2A39E558F0E}.Debug|Any CPU.Build.0 = Debug|Any CPU
		{3EFDEBD5-3F58-467F-B127-F2A39E558F0E}.Release|Any CPU.ActiveCfg = Release|Any CPU
		{3EFDEBD5-3F58-467F-B127-F2A39E558F0E}.Release|Any CPU.Build.0 = Release|Any CPU
		{140DFE4F-06F8-42C2-8FD6-6E432758197D}.Debug|Any CPU.ActiveCfg = Debug|Any CPU
		{140DFE4F-06F8-42C2-8FD6-6E432758197D}.Debug|Any CPU.Build.0 = Debug|Any CPU
		{140DFE4F-06F8-42C2-8FD6-6E432758197D}.Release|Any CPU.ActiveCfg = Release|Any CPU
		{140DFE4F-06F8-42C2-8FD6-6E432758197D}.Release|Any CPU.Build.0 = Release|Any CPU
		{B6167884-F2F0-47E5-AB24-0049D24ABA8A}.Debug|Any CPU.ActiveCfg = Debug|Any CPU
		{B6167884-F2F0-47E5-AB24-0049D24ABA8A}.Debug|Any CPU.Build.0 = Debug|Any CPU
		{B6167884-F2F0-47E5-AB24-0049D24ABA8A}.Release|Any CPU.ActiveCfg = Release|Any CPU
		{B6167884-F2F0-47E5-AB24-0049D24ABA8A}.Release|Any CPU.Build.0 = Release|Any CPU
		{209170D1-4C3F-45B9-B1C2-9C494D5C0B51}.Debug|Any CPU.ActiveCfg = Debug|Any CPU
		{209170D1-4C3F-45B9-B1C2-9C494D5C0B51}.Debug|Any CPU.Build.0 = Debug|Any CPU
		{209170D1-4C3F-45B9-B1C2-9C494D5C0B51}.Release|Any CPU.ActiveCfg = Release|Any CPU
		{209170D1-4C3F-45B9-B1C2-9C494D5C0B51}.Release|Any CPU.Build.0 = Release|Any CPU
		{983F0F25-B03B-4BED-A5C1-C578AF5B2B4C}.Debug|Any CPU.ActiveCfg = Debug|Any CPU
		{983F0F25-B03B-4BED-A5C1-C578AF5B2B4C}.Debug|Any CPU.Build.0 = Debug|Any CPU
		{983F0F25-B03B-4BED-A5C1-C578AF5B2B4C}.Release|Any CPU.ActiveCfg = Release|Any CPU
		{983F0F25-B03B-4BED-A5C1-C578AF5B2B4C}.Release|Any CPU.Build.0 = Release|Any CPU
		{EA7168A0-1B2D-4704-874F-CD238A945DDB}.Debug|Any CPU.ActiveCfg = Debug|Any CPU
		{EA7168A0-1B2D-4704-874F-CD238A945DDB}.Debug|Any CPU.Build.0 = Debug|Any CPU
		{EA7168A0-1B2D-4704-874F-CD238A945DDB}.Release|Any CPU.ActiveCfg = Release|Any CPU
		{EA7168A0-1B2D-4704-874F-CD238A945DDB}.Release|Any CPU.Build.0 = Release|Any CPU
		{FA604DFE-391D-4EBF-BA73-BED159FA1FB8}.Debug|Any CPU.ActiveCfg = Debug|Any CPU
		{FA604DFE-391D-4EBF-BA73-BED159FA1FB8}.Debug|Any CPU.Build.0 = Debug|Any CPU
		{FA604DFE-391D-4EBF-BA73-BED159FA1FB8}.Release|Any CPU.ActiveCfg = Release|Any CPU
		{FA604DFE-391D-4EBF-BA73-BED159FA1FB8}.Release|Any CPU.Build.0 = Release|Any CPU
		{8F88F8AE-1542-413E-A083-D4AA730999C0}.Debug|Any CPU.ActiveCfg = Debug|Any CPU
		{8F88F8AE-1542-413E-A083-D4AA730999C0}.Debug|Any CPU.Build.0 = Debug|Any CPU
		{8F88F8AE-1542-413E-A083-D4AA730999C0}.Release|Any CPU.ActiveCfg = Release|Any CPU
		{8F88F8AE-1542-413E-A083-D4AA730999C0}.Release|Any CPU.Build.0 = Release|Any CPU
		{D3191FF8-2765-4084-8AD1-0A49590B6A6B}.Debug|Any CPU.ActiveCfg = Debug|Any CPU
		{D3191FF8-2765-4084-8AD1-0A49590B6A6B}.Debug|Any CPU.Build.0 = Debug|Any CPU
		{D3191FF8-2765-4084-8AD1-0A49590B6A6B}.Release|Any CPU.ActiveCfg = Release|Any CPU
		{D3191FF8-2765-4084-8AD1-0A49590B6A6B}.Release|Any CPU.Build.0 = Release|Any CPU
	EndGlobalSection
	GlobalSection(SolutionProperties) = preSolution
		HideSolutionNode = FALSE
	EndGlobalSection
	GlobalSection(NestedProjects) = preSolution
		{EA75A7C0-A5CE-4888-B2A8-E3EE2D7B849F} = {71FC9F45-B2DB-430C-8D1A-58BFA89A5B44}
		{7B5F4740-BF8D-4F08-B098-595C51717C19} = {71FC9F45-B2DB-430C-8D1A-58BFA89A5B44}
		{E48CFBC4-2C24-4991-B7C9-05B119C3F3A9} = {71FC9F45-B2DB-430C-8D1A-58BFA89A5B44}
		{9C929100-E445-4DDE-9233-9F9EC16004F9} = {7B5F4740-BF8D-4F08-B098-595C51717C19}
		{CE5CBE3B-BDBA-4E05-B29B-6DE4725CC9F9} = {7B5F4740-BF8D-4F08-B098-595C51717C19}
		{C2F97F91-1491-47DE-9323-5FA046E3EFC4} = {7B5F4740-BF8D-4F08-B098-595C51717C19}
		{8BE150EC-2F0C-47ED-862C-708D8CF562D3} = {7B5F4740-BF8D-4F08-B098-595C51717C19}
		{FD1A7253-4DD4-4E6E-9627-CE022496609C} = {C2F97F91-1491-47DE-9323-5FA046E3EFC4}
		{52DBC67C-E82B-4874-8A38-62B3683E6FE2} = {8BE150EC-2F0C-47ED-862C-708D8CF562D3}
		{3EFDEBD5-3F58-467F-B127-F2A39E558F0E} = {9C929100-E445-4DDE-9233-9F9EC16004F9}
		{140DFE4F-06F8-42C2-8FD6-6E432758197D} = {CE5CBE3B-BDBA-4E05-B29B-6DE4725CC9F9}
		{B6167884-F2F0-47E5-AB24-0049D24ABA8A} = {CE5CBE3B-BDBA-4E05-B29B-6DE4725CC9F9}
		{209170D1-4C3F-45B9-B1C2-9C494D5C0B51} = {CE5CBE3B-BDBA-4E05-B29B-6DE4725CC9F9}
		{983F0F25-B03B-4BED-A5C1-C578AF5B2B4C} = {CE5CBE3B-BDBA-4E05-B29B-6DE4725CC9F9}
		{EA7168A0-1B2D-4704-874F-CD238A945DDB} = {EA75A7C0-A5CE-4888-B2A8-E3EE2D7B849F}
		{FA604DFE-391D-4EBF-BA73-BED159FA1FB8} = {E48CFBC4-2C24-4991-B7C9-05B119C3F3A9}
		{8F88F8AE-1542-413E-A083-D4AA730999C0} = {E48CFBC4-2C24-4991-B7C9-05B119C3F3A9}
		{D3191FF8-2765-4084-8AD1-0A49590B6A6B} = {E48CFBC4-2C24-4991-B7C9-05B119C3F3A9}
	EndGlobalSection
	GlobalSection(ExtensibilityGlobals) = postSolution
		SolutionGuid = {85C973D2-6528-4E9D-B74C-87C7C03DF608}
	EndGlobalSection
EndGlobal
